
Microsoft Visual Studio Solution File, Format Version 12.00
# Visual Studio Version 17
VisualStudioVersion = 17.4.33110.190
MinimumVisualStudioVersion = 10.0.40219.1
Project("{FAE04EC0-301F-11D3-BF4B-00C04F79EFBC}") = "autoszerelo_server", "autoszerelo_server\autoszerelo_server.csproj", "{E2703955-B244-4ABE-B8EA-28C4768B6251}"
EndProject
Project("{FAE04EC0-301F-11D3-BF4B-00C04F79EFBC}") = "autoszerelo_munka_felvevo", "autoszerelo_munka_felvevo\autoszerelo_munka_felvevo.csproj", "{081FA089-4540-419B-8371-6E83D392D863}"
EndProject
Project("{FAE04EC0-301F-11D3-BF4B-00C04F79EFBC}") = "autoszerelo_client", "autoszerelo_client\autoszerelo_client.csproj", "{8F396A96-BA19-4C90-8A66-4CD5FDF2846A}"
EndProject
Project("{00D1A9C2-B5F0-4AF3-8072-F6C62B433612}") = "autoszerelo_adatbazis", "autoszerelo_adatbazis\autoszerelo_adatbazis.sqlproj", "{9F0C1751-EBC1-4C70-B772-DDAAFF162CBA}"
EndProject
Global
	GlobalSection(SolutionConfigurationPlatforms) = preSolution
		Debug|Any CPU = Debug|Any CPU
		Release|Any CPU = Release|Any CPU
	EndGlobalSection
	GlobalSection(ProjectConfigurationPlatforms) = postSolution
		{E2703955-B244-4ABE-B8EA-28C4768B6251}.Debug|Any CPU.ActiveCfg = Debug|Any CPU
		{E2703955-B244-4ABE-B8EA-28C4768B6251}.Debug|Any CPU.Build.0 = Debug|Any CPU
		{E2703955-B244-4ABE-B8EA-28C4768B6251}.Release|Any CPU.ActiveCfg = Release|Any CPU
		{E2703955-B244-4ABE-B8EA-28C4768B6251}.Release|Any CPU.Build.0 = Release|Any CPU
		{081FA089-4540-419B-8371-6E83D392D863}.Debug|Any CPU.ActiveCfg = Debug|Any CPU
		{081FA089-4540-419B-8371-6E83D392D863}.Debug|Any CPU.Build.0 = Debug|Any CPU
		{081FA089-4540-419B-8371-6E83D392D863}.Release|Any CPU.ActiveCfg = Release|Any CPU
		{081FA089-4540-419B-8371-6E83D392D863}.Release|Any CPU.Build.0 = Release|Any CPU
		{8F396A96-BA19-4C90-8A66-4CD5FDF2846A}.Debug|Any CPU.ActiveCfg = Debug|Any CPU
		{8F396A96-BA19-4C90-8A66-4CD5FDF2846A}.Debug|Any CPU.Build.0 = Debug|Any CPU
		{8F396A96-BA19-4C90-8A66-4CD5FDF2846A}.Release|Any CPU.ActiveCfg = Release|Any CPU
		{8F396A96-BA19-4C90-8A66-4CD5FDF2846A}.Release|Any CPU.Build.0 = Release|Any CPU
		{9F0C1751-EBC1-4C70-B772-DDAAFF162CBA}.Debug|Any CPU.ActiveCfg = Debug|Any CPU
		{9F0C1751-EBC1-4C70-B772-DDAAFF162CBA}.Debug|Any CPU.Build.0 = Debug|Any CPU
		{9F0C1751-EBC1-4C70-B772-DDAAFF162CBA}.Debug|Any CPU.Deploy.0 = Debug|Any CPU
		{9F0C1751-EBC1-4C70-B772-DDAAFF162CBA}.Release|Any CPU.ActiveCfg = Release|Any CPU
		{9F0C1751-EBC1-4C70-B772-DDAAFF162CBA}.Release|Any CPU.Build.0 = Release|Any CPU
		{9F0C1751-EBC1-4C70-B772-DDAAFF162CBA}.Release|Any CPU.Deploy.0 = Release|Any CPU
	EndGlobalSection
	GlobalSection(SolutionProperties) = preSolution
		HideSolutionNode = FALSE
	EndGlobalSection
	GlobalSection(ExtensibilityGlobals) = postSolution
		SolutionGuid = {9E34902C-934A-4BBC-8B46-1C18CC6B50EA}
	EndGlobalSection
EndGlobal
