
Microsoft Visual Studio Solution File, Format Version 12.00
# Visual Studio Version 17
VisualStudioVersion = 17.4.33110.190
MinimumVisualStudioVersion = 10.0.40219.1
Project("{9A19103F-16F7-4668-BE54-9A1E7A4F7556}") = "autoszerelo_munka_felvevo", "autoszerelo_munka_felvevo\autoszerelo_munka_felvevo.csproj", "{081FA089-4540-419B-8371-6E83D392D863}"
EndProject
Project("{9A19103F-16F7-4668-BE54-9A1E7A4F7556}") = "autoszerelo_client", "autoszerelo_client\autoszerelo_client.csproj", "{8F396A96-BA19-4C90-8A66-4CD5FDF2846A}"
EndProject
Project("{9A19103F-16F7-4668-BE54-9A1E7A4F7556}") = "autoszerelo_szerver", "autoszerelo_szerver\autoszerelo_szerver.csproj", "{B2B6EB53-302A-4AE6-810F-46B26DC15FFE}"
EndProject
Project("{9A19103F-16F7-4668-BE54-9A1E7A4F7556}") = "autoszerelo_munka_felvevo.Tests", "autoszerelo_munka_felvevo.Tests\autoszerelo_munka_felvevo.Tests.csproj", "{1540253C-896C-42A1-BD1B-1087828D8E2C}"
EndProject
Project("{FAE04EC0-301F-11D3-BF4B-00C04F79EFBC}") = "autoszerelo_szerver.Tests", "autoszerelo_szerver.Tests\autoszerelo_szerver.Tests.csproj", "{043667FB-4264-49BE-8A9C-30445D507B20}"
EndProject
Global
	GlobalSection(SolutionConfigurationPlatforms) = preSolution
		Debug|Any CPU = Debug|Any CPU
		Release|Any CPU = Release|Any CPU
	EndGlobalSection
	GlobalSection(ProjectConfigurationPlatforms) = postSolution
		{081FA089-4540-419B-8371-6E83D392D863}.Debug|Any CPU.ActiveCfg = Debug|Any CPU
		{081FA089-4540-419B-8371-6E83D392D863}.Debug|Any CPU.Build.0 = Debug|Any CPU
		{081FA089-4540-419B-8371-6E83D392D863}.Release|Any CPU.ActiveCfg = Release|Any CPU
		{081FA089-4540-419B-8371-6E83D392D863}.Release|Any CPU.Build.0 = Release|Any CPU
		{8F396A96-BA19-4C90-8A66-4CD5FDF2846A}.Debug|Any CPU.ActiveCfg = Debug|Any CPU
		{8F396A96-BA19-4C90-8A66-4CD5FDF2846A}.Debug|Any CPU.Build.0 = Debug|Any CPU
		{8F396A96-BA19-4C90-8A66-4CD5FDF2846A}.Release|Any CPU.ActiveCfg = Release|Any CPU
		{8F396A96-BA19-4C90-8A66-4CD5FDF2846A}.Release|Any CPU.Build.0 = Release|Any CPU
		{B2B6EB53-302A-4AE6-810F-46B26DC15FFE}.Debug|Any CPU.ActiveCfg = Debug|Any CPU
		{B2B6EB53-302A-4AE6-810F-46B26DC15FFE}.Debug|Any CPU.Build.0 = Debug|Any CPU
		{B2B6EB53-302A-4AE6-810F-46B26DC15FFE}.Release|Any CPU.ActiveCfg = Release|Any CPU
		{B2B6EB53-302A-4AE6-810F-46B26DC15FFE}.Release|Any CPU.Build.0 = Release|Any CPU
		{1540253C-896C-42A1-BD1B-1087828D8E2C}.Debug|Any CPU.ActiveCfg = Debug|Any CPU
		{1540253C-896C-42A1-BD1B-1087828D8E2C}.Debug|Any CPU.Build.0 = Debug|Any CPU
		{1540253C-896C-42A1-BD1B-1087828D8E2C}.Release|Any CPU.ActiveCfg = Release|Any CPU
		{1540253C-896C-42A1-BD1B-1087828D8E2C}.Release|Any CPU.Build.0 = Release|Any CPU
		{043667FB-4264-49BE-8A9C-30445D507B20}.Debug|Any CPU.ActiveCfg = Debug|Any CPU
		{043667FB-4264-49BE-8A9C-30445D507B20}.Debug|Any CPU.Build.0 = Debug|Any CPU
		{043667FB-4264-49BE-8A9C-30445D507B20}.Release|Any CPU.ActiveCfg = Release|Any CPU
		{043667FB-4264-49BE-8A9C-30445D507B20}.Release|Any CPU.Build.0 = Release|Any CPU
	EndGlobalSection
	GlobalSection(SolutionProperties) = preSolution
		HideSolutionNode = FALSE
	EndGlobalSection
	GlobalSection(ExtensibilityGlobals) = postSolution
		SolutionGuid = {9E34902C-934A-4BBC-8B46-1C18CC6B50EA}
	EndGlobalSection
EndGlobal
