
Microsoft Visual Studio Solution File, Format Version 12.00
# Visual Studio Version 17
VisualStudioVersion = 17.4.33110.190
MinimumVisualStudioVersion = 10.0.40219.1
Project("{FAE04EC0-301F-11D3-BF4B-00C04F79EFBC}") = "autoszerelo_beadando", "autoszerelo_beadando\autoszerelo_beadando.csproj", "{320358C6-6391-4031-B77B-5A78B6ABFD79}"
EndProject
Global
	GlobalSection(SolutionConfigurationPlatforms) = preSolution
		Debug|Any CPU = Debug|Any CPU
		Release|Any CPU = Release|Any CPU
	EndGlobalSection
	GlobalSection(ProjectConfigurationPlatforms) = postSolution
		{320358C6-6391-4031-B77B-5A78B6ABFD79}.Debug|Any CPU.ActiveCfg = Debug|Any CPU
		{320358C6-6391-4031-B77B-5A78B6ABFD79}.Debug|Any CPU.Build.0 = Debug|Any CPU
		{320358C6-6391-4031-B77B-5A78B6ABFD79}.Release|Any CPU.ActiveCfg = Release|Any CPU
		{320358C6-6391-4031-B77B-5A78B6ABFD79}.Release|Any CPU.Build.0 = Release|Any CPU
	EndGlobalSection
	GlobalSection(SolutionProperties) = preSolution
		HideSolutionNode = FALSE
	EndGlobalSection
	GlobalSection(ExtensibilityGlobals) = postSolution
		SolutionGuid = {9E34902C-934A-4BBC-8B46-1C18CC6B50EA}
	EndGlobalSection
EndGlobal
